PODS:
  - FlutterMacOS (1.0.0)
  - jsf (1.0.0):
    - FlutterMacOS

DEPENDENCIES:
  - FlutterMacOS (from `Flutter/ephemeral`)
  - jsf (from `Flutter/ephemeral/.symlinks/plugins/jsf/macos`)

EXTERNAL SOURCES:
  FlutterMacOS:
    :path: Flutter/ephemeral
  jsf:
    :path: Flutter/ephemeral/.symlinks/plugins/jsf/macos

SPEC CHECKSUMS:
  FlutterMacOS: d0db08ddef1a9af05a5ec4b724367152bb0500b1
  jsf: 19322a1c6ec1e57a6226a59eaf55ca30462866e3

PODFILE CHECKSUM: 54d867c82ac51cbd61b565781b9fada492027009

COCOAPODS: 1.16.2
